
Microsoft Visual Studio Solution File, Format Version 12.00
Project("{FAE04EC0-301F-11D3-BF4B-00C04F79EFBC}") = "StepServer", "StepServer\StepServer.csproj", "{84289962-CD77-4B52-9E01-CBDB84B67AF6}"
EndProject
Project("{FAE04EC0-301F-11D3-BF4B-00C04F79EFBC}") = "Cukeness.Specs", "Cukeness.Specs\Cukeness.Specs.csproj", "{6C9A8616-85DB-474D-B479-3D9F760E7A81}"
EndProject
Project("{FAE04EC0-301F-11D3-BF4B-00C04F79EFBC}") = "StepServer.Test", "StepServer.Test\StepServer.Test.csproj", "{A753B7BD-434A-4970-8FBB-5557B0A52D0A}"
EndProject
Global
	GlobalSection(SolutionConfigurationPlatforms) = preSolution
		Debug|Any CPU = Debug|Any CPU
		Release|Any CPU = Release|Any CPU
	EndGlobalSection
	GlobalSection(ProjectConfigurationPlatforms) = postSolution
		{84289962-CD77-4B52-9E01-CBDB84B67AF6}.Debug|Any CPU.ActiveCfg = Debug|Any CPU
		{84289962-CD77-4B52-9E01-CBDB84B67AF6}.Debug|Any CPU.Build.0 = Debug|Any CPU
		{84289962-CD77-4B52-9E01-CBDB84B67AF6}.Release|Any CPU.ActiveCfg = Release|Any CPU
		{84289962-CD77-4B52-9E01-CBDB84B67AF6}.Release|Any CPU.Build.0 = Release|Any CPU
		{6C9A8616-85DB-474D-B479-3D9F760E7A81}.Debug|Any CPU.ActiveCfg = Debug|Any CPU
		{6C9A8616-85DB-474D-B479-3D9F760E7A81}.Debug|Any CPU.Build.0 = Debug|Any CPU
		{6C9A8616-85DB-474D-B479-3D9F760E7A81}.Release|Any CPU.ActiveCfg = Release|Any CPU
		{6C9A8616-85DB-474D-B479-3D9F760E7A81}.Release|Any CPU.Build.0 = Release|Any CPU
		{A753B7BD-434A-4970-8FBB-5557B0A52D0A}.Debug|Any CPU.ActiveCfg = Debug|Any CPU
		{A753B7BD-434A-4970-8FBB-5557B0A52D0A}.Debug|Any CPU.Build.0 = Debug|Any CPU
		{A753B7BD-434A-4970-8FBB-5557B0A52D0A}.Release|Any CPU.ActiveCfg = Release|Any CPU
		{A753B7BD-434A-4970-8FBB-5557B0A52D0A}.Release|Any CPU.Build.0 = Release|Any CPU
	EndGlobalSection
EndGlobal
